
Microsoft Visual Studio Solution File, Format Version 12.00
Project("{FAE04EC0-301F-11D3-BF4B-00C04F79EFBC}") = "Selenium_CSharp_Automation_Learning", "Selenium_CSharp_Automation_Learning\Selenium_CSharp_Automation_Learning.csproj", "{ECC8AC01-FFF3-4D09-9DCA-E8CEA5408CF2}"
EndProject
Global
	GlobalSection(SolutionConfigurationPlatforms) = preSolution
		Debug|Any CPU = Debug|Any CPU
		Release|Any CPU = Release|Any CPU
	EndGlobalSection
	GlobalSection(ProjectConfigurationPlatforms) = postSolution
		{ECC8AC01-FFF3-4D09-9DCA-E8CEA5408CF2}.Debug|Any CPU.ActiveCfg = Debug|Any CPU
		{ECC8AC01-FFF3-4D09-9DCA-E8CEA5408CF2}.Debug|Any CPU.Build.0 = Debug|Any CPU
		{ECC8AC01-FFF3-4D09-9DCA-E8CEA5408CF2}.Release|Any CPU.ActiveCfg = Release|Any CPU
		{ECC8AC01-FFF3-4D09-9DCA-E8CEA5408CF2}.Release|Any CPU.Build.0 = Release|Any CPU
	EndGlobalSection
EndGlobal
